
Microsoft Visual Studio Solution File, Format Version 12.00
# Visual Studio 15
VisualStudioVersion = 15.0.28307.1062
MinimumVisualStudioVersion = 10.0.40219.1
Project("{FAE04EC0-301F-11D3-BF4B-00C04F79EFBC}") = "LoginApp", "LoginApp\LoginApp.csproj", "{ABA161B7-FDF4-4520-9059-1CA939BC014D}"
EndProject
Global
	GlobalSection(SolutionConfigurationPlatforms) = preSolution
		Debug|Any CPU = Debug|Any CPU
		Release|Any CPU = Release|Any CPU
	EndGlobalSection
	GlobalSection(ProjectConfigurationPlatforms) = postSolution
		{ABA161B7-FDF4-4520-9059-1CA939BC014D}.Debug|Any CPU.ActiveCfg = Debug|Any CPU
		{ABA161B7-FDF4-4520-9059-1CA939BC014D}.Debug|Any CPU.Build.0 = Debug|Any CPU
		{ABA161B7-FDF4-4520-9059-1CA939BC014D}.Release|Any CPU.ActiveCfg = Release|Any CPU
		{ABA161B7-FDF4-4520-9059-1CA939BC014D}.Release|Any CPU.Build.0 = Release|Any CPU
	EndGlobalSection
	GlobalSection(SolutionProperties) = preSolution
		HideSolutionNode = FALSE
	EndGlobalSection
	GlobalSection(ExtensibilityGlobals) = postSolution
		SolutionGuid = {83573DA5-DFC7-47DE-924E-F2DCF93B9E28}
	EndGlobalSection
EndGlobal
